
Microsoft Visual Studio Solution File, Format Version 12.00
# Visual Studio Version 17
VisualStudioVersion = 17.10.35122.118
MinimumVisualStudioVersion = 10.0.40219.1
Project("{FAE04EC0-301F-11D3-BF4B-00C04F79EFBC}") = "JobUpdatesAPI", "JobUpdatesAPI\JobUpdatesAPI.csproj", "{EEF73C28-C23B-46EC-975B-1C1A3F0662F0}"
EndProject
Global
	GlobalSection(SolutionConfigurationPlatforms) = preSolution
		Debug|Any CPU = Debug|Any CPU
		Release|Any CPU = Release|Any CPU
	EndGlobalSection
	GlobalSection(ProjectConfigurationPlatforms) = postSolution
		{EEF73C28-C23B-46EC-975B-1C1A3F0662F0}.Debug|Any CPU.ActiveCfg = Debug|Any CPU
		{EEF73C28-C23B-46EC-975B-1C1A3F0662F0}.Debug|Any CPU.Build.0 = Debug|Any CPU
		{EEF73C28-C23B-46EC-975B-1C1A3F0662F0}.Release|Any CPU.ActiveCfg = Release|Any CPU
		{EEF73C28-C23B-46EC-975B-1C1A3F0662F0}.Release|Any CPU.Build.0 = Release|Any CPU
	EndGlobalSection
	GlobalSection(SolutionProperties) = preSolution
		HideSolutionNode = FALSE
	EndGlobalSection
	GlobalSection(ExtensibilityGlobals) = postSolution
		SolutionGuid = {6E28F0A5-7B4F-4FC4-9282-E584B78A458C}
	EndGlobalSection
EndGlobal
